
Microsoft Visual Studio Solution File, Format Version 12.00
# Visual Studio Version 17
VisualStudioVersion = 17.10.35013.160
MinimumVisualStudioVersion = 10.0.40219.1
Project("{9A19103F-16F7-4668-BE54-9A1E7A4F7556}") = "Udemy", "Udemy\Udemy.csproj", "{A7EF177C-3F9C-456E-BEBB-07E9F85A2D68}"
EndProject
Project("{FAE04EC0-301F-11D3-BF4B-00C04F79EFBC}") = "Encapsulamento", "Encapsulamento\Encapsulamento.csproj", "{C408E49C-4FE5-4272-92FD-05646C7B046F}"
EndProject
Global
	GlobalSection(SolutionConfigurationPlatforms) = preSolution
		Debug|Any CPU = Debug|Any CPU
		Release|Any CPU = Release|Any CPU
	EndGlobalSection
	GlobalSection(ProjectConfigurationPlatforms) = postSolution
		{A7EF177C-3F9C-456E-BEBB-07E9F85A2D68}.Debug|Any CPU.ActiveCfg = Debug|Any CPU
		{A7EF177C-3F9C-456E-BEBB-07E9F85A2D68}.Debug|Any CPU.Build.0 = Debug|Any CPU
		{A7EF177C-3F9C-456E-BEBB-07E9F85A2D68}.Release|Any CPU.ActiveCfg = Release|Any CPU
		{A7EF177C-3F9C-456E-BEBB-07E9F85A2D68}.Release|Any CPU.Build.0 = Release|Any CPU
		{C408E49C-4FE5-4272-92FD-05646C7B046F}.Debug|Any CPU.ActiveCfg = Debug|Any CPU
		{C408E49C-4FE5-4272-92FD-05646C7B046F}.Debug|Any CPU.Build.0 = Debug|Any CPU
		{C408E49C-4FE5-4272-92FD-05646C7B046F}.Release|Any CPU.ActiveCfg = Release|Any CPU
		{C408E49C-4FE5-4272-92FD-05646C7B046F}.Release|Any CPU.Build.0 = Release|Any CPU
	EndGlobalSection
	GlobalSection(SolutionProperties) = preSolution
		HideSolutionNode = FALSE
	EndGlobalSection
	GlobalSection(ExtensibilityGlobals) = postSolution
		SolutionGuid = {A8EA171C-F783-44AF-A9DA-0C0FED6FBB4D}
	EndGlobalSection
EndGlobal
